
Microsoft Visual Studio Solution File, Format Version 12.00
# Visual Studio 2013
VisualStudioVersion = 12.0.21005.1
MinimumVisualStudioVersion = 10.0.40219.1
Project("{8BC9CEB8-8B4A-11D0-8D11-00A0C91BC942}") = "ThreadTest1", "ThreadTest1\ThreadTest1.vcxproj", "{CEEA6FB2-F6CD-450E-8F67-811A87BBC76C}"
EndProject
Global
	GlobalSection(SolutionConfigurationPlatforms) = preSolution
		Debug|Win32 = Debug|Win32
		Release|Win32 = Release|Win32
	EndGlobalSection
	GlobalSection(ProjectConfigurationPlatforms) = postSolution
		{CEEA6FB2-F6CD-450E-8F67-811A87BBC76C}.Debug|Win32.ActiveCfg = Debug|Win32
		{CEEA6FB2-F6CD-450E-8F67-811A87BBC76C}.Debug|Win32.Build.0 = Debug|Win32
		{CEEA6FB2-F6CD-450E-8F67-811A87BBC76C}.Release|Win32.ActiveCfg = Release|Win32
		{CEEA6FB2-F6CD-450E-8F67-811A87BBC76C}.Release|Win32.Build.0 = Release|Win32
	EndGlobalSection
	GlobalSection(SolutionProperties) = preSolution
		HideSolutionNode = FALSE
	EndGlobalSection
EndGlobal
